// !$*UTF8*$!
{
	archiveVersion = 1;
	classes = {
	};
	objectVersion = 46;
	objects = {
		65991469C01CE47E87AE9863 = {
			isa = PBXBuildFile;
			fileRef = 0E08EC58444E9E4839CD4DF2;
		};
		7CFD96CD2E30063BFD914EBB = {
			isa = PBXBuildFile;
			fileRef = 17284D02EFB1439F63458FCF;
		};
		2B62A72BF9F2541105C2DCC4 = {
			isa = PBXBuildFile;
			fileRef = BE67FE4C57A64EDAF1B83596;
		};
		6F4FD1BC3DB3C09892C67999 = {
			isa = PBXBuildFile;
			fileRef = 29C60BFAF395E7DEF1AD2470;
		};
		A86306F8D3807E1A7E1125D9 = {
			isa = PBXBuildFile;
			fileRef = E14334863D8D8F13023BB5A0;
		};
		51C7D639EE9A56A570D3EA6A = {
			isa = PBXBuildFile;
			fileRef = 8F9248D03D2D831E6A12F0DC;
		};
		6C4098F9835894740B5895C4 = {
			isa = PBXBuildFile;
			fileRef = 04FDD6126F31786CA58700AE;
		};
		0C30DC52E0D6B6B5B69A1591 = {
			isa = PBXBuildFile;
			fileRef = 31108EA72089829DF6240157;
		};
		130E0A6ABC8C78E0F1A57E70 = {
			isa = PBXBuildFile;
			fileRef = 8388EFEC01AAF1A2C2F43A94;
		};
		9A40ED9DF62D0AADB6EB6220 = {
			isa = PBXBuildFile;
			fileRef = 498E94058229BB924240A0CC;
		};
		E981841D8581999ADC5ADEA3 = {
			isa = PBXBuildFile;
			fileRef = FB00003FEF19F46408E8A7AD;
		};
		D5FC5A190709F205AD9FA863 = {
			isa = PBXBuildFile;
			fileRef = B3C74F25783D455808A6FB94;
		};
		F551BC1EAEF4CFE66E26F8FE = {
			isa = PBXBuildFile;
			fileRef = C30F6BE50E303DEDC323AB58;
		};
		AD352031F9A9B1AB19EC14FC = {
			isa = PBXBuildFile;
			fileRef = 800B1A9FFF8D7CC8CF937660;
		};
		9D1C303960B220CD167FEF22 = {
			isa = PBXBuildFile;
			fileRef = 131404973E3A6CEB6A8E96C8;
		};
		1AC513946E0FC1D88B9331B3 = {
			isa = PBXBuildFile;
			fileRef = 90BFDB48D35BBEBF5A81ACA1;
		};
		A2992CA3DEF769FB53D458E7 = {
			isa = PBXBuildFile;
			fileRef = ED60DB0A51AF4A5FD6394875;
		};
		0CDB004212D08A28542624E8 = {
			isa = PBXBuildFile;
			fileRef = E8C31CDA9D09E0DE5E23B60F;
		};
		01EC748AA03C1FF98C94BDB9 = {
			isa = PBXBuildFile;
			fileRef = 891F2E8A052046F61B955320;
		};
		252F7EB5B1CCB424B93E17A8 = {
			isa = PBXBuildFile;
			fileRef = 8D5D7021B60ECBAB6F8505D0;
		};
		70502C860A14163EEBFD3131 = {
			isa = PBXBuildFile;
			fileRef = 6748C277BF0F6094D8D62464;
		};
		2A77907DCD1CBC5A2CA76D49 = {
			isa = PBXBuildFile;
			fileRef = E5FF118C298B6B794D2BD944;
		};
		F1CAE85B559A1A887F0EE6AF = {
			isa = PBXBuildFile;
			fileRef = C58FF268F853362125CDCED5;
		};
		8436D88EDA048D60A7DB4BDF = {
			isa = PBXBuildFile;
			fileRef = 9A58407BA9D6CDC9F9E5D92C;
		};
		CFB13E8D1E8B64104F9A803D = {
			isa = PBXBuildFile;
			fileRef = 7575D13CD931EC3081C33F65;
		};
		FEC9C52D2BB5F0B7FED017C9 = {
			isa = PBXBuildFile;
			fileRef = 76765C3C94C859C9E2308A84;
		};
		1DCE3FBB50AFBA0D64803C64 = {
			isa = PBXBuildFile;
			fileRef = E8476064C5AB129B8C611B6E;
		};
		DEADB3505C46A16329E281BA = {
			isa = PBXBuildFile;
			fileRef = 410A70FDDC8C39A0E62EF67B;
		};
		04FDD6126F31786CA58700AE = {
			isa = PBXFileReference;
			lastKnownFileType = wrapper.framework;
			name = CoreAudioKit.framework;
			path = System/Library/Frameworks/CoreAudioKit.framework;
			sourceTree = SDKROOT;
		};
		05E0D91C81FAECC1623FF4AA = {
			isa = PBXFileReference;
			lastKnownFileType = sourcecode.c.h;
			name = JuceHeader.h;
			path = ../../JuceLibraryCode/JuceHeader.h;
			sourceTree = "SOURCE_ROOT";
		};
		0E08EC58444E9E4839CD4DF2 = {
			isa = PBXFileReference;
			explicitFileType = wrapper.application;
			includeInIndex = 0;
			path = "GUI Synth.app";
			sourceTree = "BUILT_PRODUCTS_DIR";
		};
		0F5AAAD2C37CDCE6ADAC41A3 = {
			isa = PBXFileReference;
			lastKnownFileType = sourcecode.c.h;
			name = extraComponents.h;
			path = ../../Source/extraComponents.h;
			sourceTree = "SOURCE_ROOT";
		};
		1048FAB677F6D172D790A689 = {
			isa = PBXFileReference;
			lastKnownFileType = image.png;
			name = "filt_clicked.png";
			path = "../../img/filt_clicked.png";
			sourceTree = "SOURCE_ROOT";
		};
		131404973E3A6CEB6A8E96C8 = {
			isa = PBXFileReference;
			lastKnownFileType = sourcecode.cpp.cpp;
			name = Main.cpp;
			path = ../../Source/Main.cpp;
			sourceTree = "SOURCE_ROOT";
		};
		17284D02EFB1439F63458FCF = {
			isa = PBXFileReference;
			lastKnownFileType = wrapper.framework;
			name = Accelerate.framework;
			path = System/Library/Frameworks/Accelerate.framework;
			sourceTree = SDKROOT;
		};
		1E7B217568DF38BB0A7BD53E = {
			isa = PBXFileReference;
			lastKnownFileType = file;
			name = "juce_audio_basics";
			path = "/Applications/JUCE/modules/juce_audio_basics";
			sourceTree = "<absolute>";
		};
		297D4CD5A2DA9D9F85C2E455 = {
			isa = PBXFileReference;
			lastKnownFileType = image.png;
			name = "osc_clicked.png";
			path = "../../img/osc_clicked.png";
			sourceTree = "SOURCE_ROOT";
		};
		29C60BFAF395E7DEF1AD2470 = {
			isa = PBXFileReference;
			lastKnownFileType = wrapper.framework;
			name = Carbon.framework;
			path = System/Library/Frameworks/Carbon.framework;
			sourceTree = SDKROOT;
		};
		2C7BB764433E00A62670FBEC = {
			isa = PBXFileReference;
			lastKnownFileType = sourcecode.c.h;
			name = sliders.h;
			path = ../../Source/sliders.h;
			sourceTree = "SOURCE_ROOT";
		};
		31108EA72089829DF6240157 = {
			isa = PBXFileReference;
			lastKnownFileType = wrapper.framework;
			name = CoreMIDI.framework;
			path = System/Library/Frameworks/CoreMIDI.framework;
			sourceTree = SDKROOT;
		};
		37696FFB620947F92EB3D64A = {
			isa = PBXFileReference;
			lastKnownFileType = text.plist.xml;
			name = "Info-App.plist";
			path = "Info-App.plist";
			sourceTree = "SOURCE_ROOT";
		};
		410A70FDDC8C39A0E62EF67B = {
			isa = PBXFileReference;
			lastKnownFileType = sourcecode.cpp.objcpp;
			name = "include_juce_gui_extra.mm";
			path = "../../JuceLibraryCode/include_juce_gui_extra.mm";
			sourceTree = "SOURCE_ROOT";
		};
		498E94058229BB924240A0CC = {
			isa = PBXFileReference;
			lastKnownFileType = wrapper.framework;
			name = Foundation.framework;
			path = System/Library/Frameworks/Foundation.framework;
			sourceTree = SDKROOT;
		};
		4F3C73B08496649669A44CCA = {
			isa = PBXFileReference;
			lastKnownFileType = image.png;
			name = "amp_clicked.png";
			path = "../../img/amp_clicked.png";
			sourceTree = "SOURCE_ROOT";
		};
		5412D4ED19351927EA329FBA = {
			isa = PBXFileReference;
			lastKnownFileType = image.png;
			name = "filt_hover.png";
			path = "../../img/filt_hover.png";
			sourceTree = "SOURCE_ROOT";
		};
		595E5ECC0D3EE6065A1C945F = {
			isa = PBXFileReference;
			lastKnownFileType = image.jpeg;
			name = speaker.jpeg;
			path = ../../img/speaker.jpeg;
			sourceTree = "SOURCE_ROOT";
		};
		5962A2075A879766459F9E59 = {
			isa = PBXFileReference;
			lastKnownFileType = file;
			name = "juce_audio_devices";
			path = "/Applications/JUCE/modules/juce_audio_devices";
			sourceTree = "<absolute>";
		};
		6163B168C0C732891752A622 = {
			isa = PBXFileReference;
			lastKnownFileType = image.png;
			name = filt.png;
			path = ../../img/filt.png;
			sourceTree = "SOURCE_ROOT";
		};
		632FFDC4B357D08F47D681AB = {
			isa = PBXFileReference;
			lastKnownFileType = file;
			name = "juce_graphics";
			path = "/Applications/JUCE/modules/juce_graphics";
			sourceTree = "<absolute>";
		};
		6748C277BF0F6094D8D62464 = {
			isa = PBXFileReference;
			lastKnownFileType = sourcecode.cpp.objcpp;
			name = "include_juce_audio_processors.mm";
			path = "../../JuceLibraryCode/include_juce_audio_processors.mm";
			sourceTree = "SOURCE_ROOT";
		};
		7575D13CD931EC3081C33F65 = {
			isa = PBXFileReference;
			lastKnownFileType = sourcecode.cpp.objcpp;
			name = "include_juce_events.mm";
			path = "../../JuceLibraryCode/include_juce_events.mm";
			sourceTree = "SOURCE_ROOT";
		};
		75D72AA23FA8C569D0BC0229 = {
			isa = PBXFileReference;
			lastKnownFileType = file;
			name = "juce_audio_formats";
			path = "/Applications/JUCE/modules/juce_audio_formats";
			sourceTree = "<absolute>";
		};
		76765C3C94C859C9E2308A84 = {
			isa = PBXFileReference;
			lastKnownFileType = sourcecode.cpp.objcpp;
			name = "include_juce_graphics.mm";
			path = "../../JuceLibraryCode/include_juce_graphics.mm";
			sourceTree = "SOURCE_ROOT";
		};
		800B1A9FFF8D7CC8CF937660 = {
			isa = PBXFileReference;
			lastKnownFileType = file.nib;
			name = RecentFilesMenuTemplate.nib;
			path = RecentFilesMenuTemplate.nib;
			sourceTree = "SOURCE_ROOT";
		};
		8388EFEC01AAF1A2C2F43A94 = {
			isa = PBXFileReference;
			lastKnownFileType = wrapper.framework;
			name = DiscRecording.framework;
			path = System/Library/Frameworks/DiscRecording.framework;
			sourceTree = SDKROOT;
		};
		891F2E8A052046F61B955320 = {
			isa = PBXFileReference;
			lastKnownFileType = sourcecode.cpp.objcpp;
			name = "include_juce_audio_devices.mm";
			path = "../../JuceLibraryCode/include_juce_audio_devices.mm";
			sourceTree = "SOURCE_ROOT";
		};
		8C614FEA185F2BC6B0812D0B = {
			isa = PBXFileReference;
			lastKnownFileType = image.jpeg;
			name = wave.jpeg;
			path = ../../img/wave.jpeg;
			sourceTree = "SOURCE_ROOT";
		};
		8D5D7021B60ECBAB6F8505D0 = {
			isa = PBXFileReference;
			lastKnownFileType = sourcecode.cpp.objcpp;
			name = "include_juce_audio_formats.mm";
			path = "../../JuceLibraryCode/include_juce_audio_formats.mm";
			sourceTree = "SOURCE_ROOT";
		};
		8F9248D03D2D831E6A12F0DC = {
			isa = PBXFileReference;
			lastKnownFileType = wrapper.framework;
			name = CoreAudio.framework;
			path = System/Library/Frameworks/CoreAudio.framework;
			sourceTree = SDKROOT;
		};
		90BFDB48D35BBEBF5A81ACA1 = {
			isa = PBXFileReference;
			lastKnownFileType = sourcecode.cpp.cpp;
			name = MainComponent.cpp;
			path = ../../Source/MainComponent.cpp;
			sourceTree = "SOURCE_ROOT";
		};
		9A58407BA9D6CDC9F9E5D92C = {
			isa = PBXFileReference;
			lastKnownFileType = sourcecode.cpp.objcpp;
			name = "include_juce_data_structures.mm";
			path = "../../JuceLibraryCode/include_juce_data_structures.mm";
			sourceTree = "SOURCE_ROOT";
		};
		9B92080995DB364EF6829990 = {
			isa = PBXFileReference;
			lastKnownFileType = file;
			name = "juce_gui_basics";
			path = "/Applications/JUCE/modules/juce_gui_basics";
			sourceTree = "<absolute>";
		};
		AA59250D2B2A5CB1CE10B6F7 = {
			isa = PBXFileReference;
			lastKnownFileType = image.png;
			name = amp.png;
			path = ../../img/amp.png;
			sourceTree = "SOURCE_ROOT";
		};
		AAFB78BBE5D21A55243232E3 = {
			isa = PBXFileReference;
			lastKnownFileType = sourcecode.c.h;
			name = BinaryData.h;
			path = ../../JuceLibraryCode/BinaryData.h;
			sourceTree = "SOURCE_ROOT";
		};
		AFBDEBA472CC6C7C4D58D711 = {
			isa = PBXFileReference;
			lastKnownFileType = image.png;
			name = osc.png;
			path = ../../img/osc.png;
			sourceTree = "SOURCE_ROOT";
		};
		B3C74F25783D455808A6FB94 = {
			isa = PBXFileReference;
			lastKnownFileType = wrapper.framework;
			name = QuartzCore.framework;
			path = System/Library/Frameworks/QuartzCore.framework;
			sourceTree = SDKROOT;
		};
		BE67FE4C57A64EDAF1B83596 = {
			isa = PBXFileReference;
			lastKnownFileType = wrapper.framework;
			name = AudioToolbox.framework;
			path = System/Library/Frameworks/AudioToolbox.framework;
			sourceTree = SDKROOT;
		};
		BFDC4AFFE7C0EA2D9AB2E170 = {
			isa = PBXFileReference;
			lastKnownFileType = image.png;
			name = "osc_hover.png";
			path = "../../img/osc_hover.png";
			sourceTree = "SOURCE_ROOT";
		};
		C18963DD0D39C52D6C13F27B = {
			isa = PBXFileReference;
			lastKnownFileType = file;
			name = "juce_audio_utils";
			path = "/Applications/JUCE/modules/juce_audio_utils";
			sourceTree = "<absolute>";
		};
		C199DAE788177378A05F693A = {
			isa = PBXFileReference;
			lastKnownFileType = file;
			name = "juce_audio_processors";
			path = "/Applications/JUCE/modules/juce_audio_processors";
			sourceTree = "<absolute>";
		};
		C30F6BE50E303DEDC323AB58 = {
			isa = PBXFileReference;
			lastKnownFileType = wrapper.framework;
			name = WebKit.framework;
			path = System/Library/Frameworks/WebKit.framework;
			sourceTree = SDKROOT;
		};
		C58FF268F853362125CDCED5 = {
			isa = PBXFileReference;
			lastKnownFileType = sourcecode.cpp.objcpp;
			name = "include_juce_core.mm";
			path = "../../JuceLibraryCode/include_juce_core.mm";
			sourceTree = "SOURCE_ROOT";
		};
		C7699B14F0B2752082C99C59 = {
			isa = PBXFileReference;
			lastKnownFileType = file;
			name = "juce_core";
			path = "/Applications/JUCE/modules/juce_core";
			sourceTree = "<absolute>";
		};
		C8A2F97A834298A8F56149DD = {
			isa = PBXFileReference;
			lastKnownFileType = file;
			name = "juce_events";
			path = "/Applications/JUCE/modules/juce_events";
			sourceTree = "<absolute>";
		};
		CE643BCA52C27585D947870B = {
			isa = PBXFileReference;
			lastKnownFileType = file;
			name = "juce_data_structures";
			path = "/Applications/JUCE/modules/juce_data_structures";
			sourceTree = "<absolute>";
		};
		DC49A310815703BBA5C716F6 = {
			isa = PBXFileReference;
			lastKnownFileType = image.png;
			name = filter.png;
			path = ../../img/filter.png;
			sourceTree = "SOURCE_ROOT";
		};
		DDB87F95FE2D2294D6A4B6E6 = {
			isa = PBXFileReference;
			lastKnownFileType = image.png;
			name = "amp_hover.png";
			path = "../../img/amp_hover.png";
			sourceTree = "SOURCE_ROOT";
		};
		E14334863D8D8F13023BB5A0 = {
			isa = PBXFileReference;
			lastKnownFileType = wrapper.framework;
			name = Cocoa.framework;
			path = System/Library/Frameworks/Cocoa.framework;
			sourceTree = SDKROOT;
		};
		E5FF118C298B6B794D2BD944 = {
			isa = PBXFileReference;
			lastKnownFileType = sourcecode.cpp.objcpp;
			name = "include_juce_audio_utils.mm";
			path = "../../JuceLibraryCode/include_juce_audio_utils.mm";
			sourceTree = "SOURCE_ROOT";
		};
		E8476064C5AB129B8C611B6E = {
			isa = PBXFileReference;
			lastKnownFileType = sourcecode.cpp.objcpp;
			name = "include_juce_gui_basics.mm";
			path = "../../JuceLibraryCode/include_juce_gui_basics.mm";
			sourceTree = "SOURCE_ROOT";
		};
		E8C31CDA9D09E0DE5E23B60F = {
			isa = PBXFileReference;
			lastKnownFileType = sourcecode.cpp.objcpp;
			name = "include_juce_audio_basics.mm";
			path = "../../JuceLibraryCode/include_juce_audio_basics.mm";
			sourceTree = "SOURCE_ROOT";
		};
		E9FDC79D973C1529F002B87B = {
			isa = PBXFileReference;
			lastKnownFileType = file;
			name = "juce_gui_extra";
			path = "/Applications/JUCE/modules/juce_gui_extra";
			sourceTree = "<absolute>";
		};
		ED60DB0A51AF4A5FD6394875 = {
			isa = PBXFileReference;
			lastKnownFileType = sourcecode.cpp.cpp;
			name = BinaryData.cpp;
			path = ../../JuceLibraryCode/BinaryData.cpp;
			sourceTree = "SOURCE_ROOT";
		};
		FB00003FEF19F46408E8A7AD = {
			isa = PBXFileReference;
			lastKnownFileType = wrapper.framework;
			name = IOKit.framework;
			path = System/Library/Frameworks/IOKit.framework;
			sourceTree = SDKROOT;
		};
		FBF2EBD763D3372CF67CD836 = {
			isa = PBXFileReference;
			lastKnownFileType = sourcecode.c.h;
			name = MainComponent.h;
			path = ../../Source/MainComponent.h;
			sourceTree = "SOURCE_ROOT";
		};
		EF4B6171E7229DD33ECD3ECE = {
			isa = PBXGroup;
			children = (
				2C7BB764433E00A62670FBEC,
				0F5AAAD2C37CDCE6ADAC41A3,
				131404973E3A6CEB6A8E96C8,
				FBF2EBD763D3372CF67CD836,
				90BFDB48D35BBEBF5A81ACA1,
			);
			name = Source;
			sourceTree = "<group>";
		};
		01386FCD749CAA9B5E6097FE = {
			isa = PBXGroup;
			children = (
				EF4B6171E7229DD33ECD3ECE,
				AA59250D2B2A5CB1CE10B6F7,
				4F3C73B08496649669A44CCA,
				DDB87F95FE2D2294D6A4B6E6,
				6163B168C0C732891752A622,
				1048FAB677F6D172D790A689,
				5412D4ED19351927EA329FBA,
				DC49A310815703BBA5C716F6,
				AFBDEBA472CC6C7C4D58D711,
				297D4CD5A2DA9D9F85C2E455,
				BFDC4AFFE7C0EA2D9AB2E170,
				595E5ECC0D3EE6065A1C945F,
				8C614FEA185F2BC6B0812D0B,
			);
			name = "GUI Synth";
			sourceTree = "<group>";
		};
		5DFDA4C03EA7EF79C8C3499D = {
			isa = PBXGroup;
			children = (
				1E7B217568DF38BB0A7BD53E,
				5962A2075A879766459F9E59,
				75D72AA23FA8C569D0BC0229,
				C199DAE788177378A05F693A,
				C18963DD0D39C52D6C13F27B,
				C7699B14F0B2752082C99C59,
				CE643BCA52C27585D947870B,
				C8A2F97A834298A8F56149DD,
				632FFDC4B357D08F47D681AB,
				9B92080995DB364EF6829990,
				E9FDC79D973C1529F002B87B,
			);
			name = "JUCE Modules";
			sourceTree = "<group>";
		};
		D73E088CBBDC05BFF72C3629 = {
			isa = PBXGroup;
			children = (
				ED60DB0A51AF4A5FD6394875,
				AAFB78BBE5D21A55243232E3,
				E8C31CDA9D09E0DE5E23B60F,
				891F2E8A052046F61B955320,
				8D5D7021B60ECBAB6F8505D0,
				6748C277BF0F6094D8D62464,
				E5FF118C298B6B794D2BD944,
				C58FF268F853362125CDCED5,
				9A58407BA9D6CDC9F9E5D92C,
				7575D13CD931EC3081C33F65,
				76765C3C94C859C9E2308A84,
				E8476064C5AB129B8C611B6E,
				410A70FDDC8C39A0E62EF67B,
				05E0D91C81FAECC1623FF4AA,
			);
			name = "JUCE Library Code";
			sourceTree = "<group>";
		};
		F26F97D5DA5A5ED9DEC668BE = {
			isa = PBXGroup;
			children = (
				37696FFB620947F92EB3D64A,
				800B1A9FFF8D7CC8CF937660,
			);
			name = Resources;
			sourceTree = "<group>";
		};
		F5B6BEDCFAB841CF8616527B = {
			isa = PBXGroup;
			children = (
				17284D02EFB1439F63458FCF,
				BE67FE4C57A64EDAF1B83596,
				29C60BFAF395E7DEF1AD2470,
				E14334863D8D8F13023BB5A0,
				8F9248D03D2D831E6A12F0DC,
				04FDD6126F31786CA58700AE,
				31108EA72089829DF6240157,
				8388EFEC01AAF1A2C2F43A94,
				498E94058229BB924240A0CC,
				FB00003FEF19F46408E8A7AD,
				B3C74F25783D455808A6FB94,
				C30F6BE50E303DEDC323AB58,
			);
			name = Frameworks;
			sourceTree = "<group>";
		};
		EB12D449F0BF328826F80D27 = {
			isa = PBXGroup;
			children = (
				0E08EC58444E9E4839CD4DF2,
			);
			name = Products;
			sourceTree = "<group>";
		};
		17B0AAC67F9349CA6EDE96DE = {
			isa = PBXGroup;
			children = (
				01386FCD749CAA9B5E6097FE,
				5DFDA4C03EA7EF79C8C3499D,
				D73E088CBBDC05BFF72C3629,
				F26F97D5DA5A5ED9DEC668BE,
				F5B6BEDCFAB841CF8616527B,
				EB12D449F0BF328826F80D27,
			);
			name = Source;
			sourceTree = "<group>";
		};
		4439AA8BB195F05FDF63D5D8 = {
			isa = XCBuildConfiguration;
			buildSettings = {
				CLANG_CXX_LANGUAGE_STANDARD = "c++14";
				CLANG_CXX_LIBRARY = "libc++";
				CLANG_LINK_OBJC_RUNTIME = NO;
				CODE_SIGN_IDENTITY = "";
				COMBINE_HIDPI_IMAGES = YES;
				CONFIGURATION_BUILD_DIR = "$(PROJECT_DIR)/build/$(CONFIGURATION)";
				COPY_PHASE_STRIP = NO;
				GCC_DYNAMIC_NO_PIC = NO;
				GCC_OPTIMIZATION_LEVEL = 0;
				GCC_PREPROCESSOR_DEFINITIONS = (
					"_DEBUG=1",
					"DEBUG=1",
					"JUCE_DISPLAY_SPLASH_SCREEN=1",
					"JUCE_USE_DARK_SPLASH_SCREEN=1",
					"JUCE_PROJUCER_VERSION=0x60007",
					"JUCE_MODULE_AVAILABLE_juce_audio_basics=1",
					"JUCE_MODULE_AVAILABLE_juce_audio_devices=1",
					"JUCE_MODULE_AVAILABLE_juce_audio_formats=1",
					"JUCE_MODULE_AVAILABLE_juce_audio_processors=1",
					"JUCE_MODULE_AVAILABLE_juce_audio_utils=1",
					"JUCE_MODULE_AVAILABLE_juce_core=1",
					"JUCE_MODULE_AVAILABLE_juce_data_structures=1",
					"JUCE_MODULE_AVAILABLE_juce_events=1",
					"JUCE_MODULE_AVAILABLE_juce_graphics=1",
					"JUCE_MODULE_AVAILABLE_juce_gui_basics=1",
					"JUCE_MODULE_AVAILABLE_juce_gui_extra=1",
					"JUCE_GLOBAL_MODULE_SETTINGS_INCLUDED=1",
					"JUCE_STRICT_REFCOUNTEDPOINTER=1",
					"JUCE_STANDALONE_APPLICATION=1",
					"JUCER_XCODE_MAC_F6D2F4CF=1",
					"JUCE_APP_VERSION=1.0.0",
					"JUCE_APP_VERSION_HEX=0x10000",
					"JucePlugin_Build_VST=0",
					"JucePlugin_Build_VST3=0",
					"JucePlugin_Build_AU=0",
					"JucePlugin_Build_AUv3=0",
					"JucePlugin_Build_RTAS=0",
					"JucePlugin_Build_AAX=0",
					"JucePlugin_Build_Standalone=0",
					"JucePlugin_Build_Unity=0",
				);
				GCC_VERSION = com.apple.compilers.llvm.clang.1_0;
				HEADER_SEARCH_PATHS = (
					"$(SRCROOT)/../../JuceLibraryCode",
					"/Applications/JUCE/modules",
					"$(inherited)",
				);
				INFOPLIST_FILE = Info-App.plist;
				INFOPLIST_PREPROCESS = NO;
				INSTALL_PATH = "$(HOME)/Applications";
				MACOSX_DEPLOYMENT_TARGET = 10.11;
				MTL_HEADER_SEARCH_PATHS = (
					"$(SRCROOT)/../../JuceLibraryCode",
					"/Applications/JUCE/modules",
				);
				PRODUCT_BUNDLE_IDENTIFIER = com.yourcompany.GUISynth;
				PRODUCT_NAME = "GUI Synth";
				USE_HEADERMAP = NO;
				VALID_ARCHS = "i386 x86_64 arm64 arm64e";
			};
			name = Debug;
		};
		0B46E97D0150FE7A67750D6A = {
			isa = XCBuildConfiguration;
			buildSettings = {
				CLANG_CXX_LANGUAGE_STANDARD = "c++14";
				CLANG_CXX_LIBRARY = "libc++";
				CLANG_LINK_OBJC_RUNTIME = NO;
				CODE_SIGN_IDENTITY = "";
				COMBINE_HIDPI_IMAGES = YES;
				CONFIGURATION_BUILD_DIR = "$(PROJECT_DIR)/build/$(CONFIGURATION)";
				DEAD_CODE_STRIPPING = YES;
				GCC_GENERATE_DEBUGGING_SYMBOLS = NO;
				GCC_OPTIMIZATION_LEVEL = 3;
				GCC_PREPROCESSOR_DEFINITIONS = (
					"_NDEBUG=1",
					"NDEBUG=1",
					"JUCE_DISPLAY_SPLASH_SCREEN=1",
					"JUCE_USE_DARK_SPLASH_SCREEN=1",
					"JUCE_PROJUCER_VERSION=0x60007",
					"JUCE_MODULE_AVAILABLE_juce_audio_basics=1",
					"JUCE_MODULE_AVAILABLE_juce_audio_devices=1",
					"JUCE_MODULE_AVAILABLE_juce_audio_formats=1",
					"JUCE_MODULE_AVAILABLE_juce_audio_processors=1",
					"JUCE_MODULE_AVAILABLE_juce_audio_utils=1",
					"JUCE_MODULE_AVAILABLE_juce_core=1",
					"JUCE_MODULE_AVAILABLE_juce_data_structures=1",
					"JUCE_MODULE_AVAILABLE_juce_events=1",
					"JUCE_MODULE_AVAILABLE_juce_graphics=1",
					"JUCE_MODULE_AVAILABLE_juce_gui_basics=1",
					"JUCE_MODULE_AVAILABLE_juce_gui_extra=1",
					"JUCE_GLOBAL_MODULE_SETTINGS_INCLUDED=1",
					"JUCE_STRICT_REFCOUNTEDPOINTER=1",
					"JUCE_STANDALONE_APPLICATION=1",
					"JUCER_XCODE_MAC_F6D2F4CF=1",
					"JUCE_APP_VERSION=1.0.0",
					"JUCE_APP_VERSION_HEX=0x10000",
					"JucePlugin_Build_VST=0",
					"JucePlugin_Build_VST3=0",
					"JucePlugin_Build_AU=0",
					"JucePlugin_Build_AUv3=0",
					"JucePlugin_Build_RTAS=0",
					"JucePlugin_Build_AAX=0",
					"JucePlugin_Build_Standalone=0",
					"JucePlugin_Build_Unity=0",
				);
				GCC_VERSION = com.apple.compilers.llvm.clang.1_0;
				HEADER_SEARCH_PATHS = (
					"$(SRCROOT)/../../JuceLibraryCode",
					"/Applications/JUCE/modules",
					"$(inherited)",
				);
				INFOPLIST_FILE = Info-App.plist;
				INFOPLIST_PREPROCESS = NO;
				INSTALL_PATH = "$(HOME)/Applications";
				LLVM_LTO = YES;
				MACOSX_DEPLOYMENT_TARGET = 10.11;
				MTL_HEADER_SEARCH_PATHS = (
					"$(SRCROOT)/../../JuceLibraryCode",
					"/Applications/JUCE/modules",
				);
				PRODUCT_BUNDLE_IDENTIFIER = com.yourcompany.GUISynth;
				PRODUCT_NAME = "GUI Synth";
				USE_HEADERMAP = NO;
				VALID_ARCHS = "i386 x86_64 arm64 arm64e";
			};
			name = Release;
		};
		B13549F446F1BAEDFBAADF2B = {
			isa = XCBuildConfiguration;
			buildSettings = {
				ALWAYS_SEARCH_USER_PATHS = NO;
				CLANG_ENABLE_OBJC_WEAK = YES;
				CLANG_WARN_BLOCK_CAPTURE_AUTORELEASING = YES;
				CLANG_WARN_BOOL_CONVERSION = YES;
				CLANG_WARN_COMMA = YES;
				CLANG_WARN_CONSTANT_CONVERSION = YES;
				CLANG_WARN_DEPRECATED_OBJC_IMPLEMENTATIONS = YES;
				CLANG_WARN_EMPTY_BODY = YES;
				CLANG_WARN_ENUM_CONVERSION = YES;
				CLANG_WARN_INFINITE_RECURSION = YES;
				CLANG_WARN_INT_CONVERSION = YES;
				CLANG_WARN_NON_LITERAL_NULL_CONVERSION = YES;
				CLANG_WARN_OBJC_IMPLICIT_RETAIN_SELF = YES;
				CLANG_WARN_OBJC_LITERAL_CONVERSION = YES;
				CLANG_WARN_RANGE_LOOP_ANALYSIS = YES;
				CLANG_WARN_STRICT_PROTOTYPES = YES;
				CLANG_WARN_SUSPICIOUS_MOVE = YES;
				CLANG_WARN_UNREACHABLE_CODE = YES;
				CLANG_WARN__DUPLICATE_METHOD_MATCH = YES;
				CODE_SIGN_IDENTITY = "";
				DEBUG_INFORMATION_FORMAT = dwarf;
				ENABLE_STRICT_OBJC_MSGSEND = YES;
				ENABLE_TESTABILITY = NO;
				GCC_C_LANGUAGE_STANDARD = c11;
				GCC_INLINES_ARE_PRIVATE_EXTERN = YES;
				GCC_MODEL_TUNING = G5;
				GCC_NO_COMMON_BLOCKS = YES;
				GCC_SYMBOLS_PRIVATE_EXTERN = YES;
				GCC_WARN_64_TO_32_BIT_CONVERSION = YES;
				GCC_WARN_ABOUT_RETURN_TYPE = YES;
				GCC_WARN_CHECK_SWITCH_STATEMENTS = YES;
				GCC_WARN_MISSING_PARENTHESES = YES;
				GCC_WARN_NON_VIRTUAL_DESTRUCTOR = YES;
				GCC_WARN_TYPECHECK_CALLS_TO_PRINTF = YES;
				GCC_WARN_UNDECLARED_SELECTOR = YES;
				GCC_WARN_UNINITIALIZED_AUTOS = YES;
				GCC_WARN_UNUSED_FUNCTION = YES;
				GCC_WARN_UNUSED_VARIABLE = YES;
				ONLY_ACTIVE_ARCH = YES;
				PRODUCT_NAME = "GUI Synth";
				SDKROOT = macosx;
				WARNING_CFLAGS = "-Wreorder";
				ZERO_LINK = NO;
			};
			name = Debug;
		};
		54A94F63C4F37C93EF1373A8 = {
			isa = XCBuildConfiguration;
			buildSettings = {
				ALWAYS_SEARCH_USER_PATHS = NO;
				CLANG_ENABLE_OBJC_WEAK = YES;
				CLANG_WARN_BLOCK_CAPTURE_AUTORELEASING = YES;
				CLANG_WARN_BOOL_CONVERSION = YES;
				CLANG_WARN_COMMA = YES;
				CLANG_WARN_CONSTANT_CONVERSION = YES;
				CLANG_WARN_DEPRECATED_OBJC_IMPLEMENTATIONS = YES;
				CLANG_WARN_EMPTY_BODY = YES;
				CLANG_WARN_ENUM_CONVERSION = YES;
				CLANG_WARN_INFINITE_RECURSION = YES;
				CLANG_WARN_INT_CONVERSION = YES;
				CLANG_WARN_NON_LITERAL_NULL_CONVERSION = YES;
				CLANG_WARN_OBJC_IMPLICIT_RETAIN_SELF = YES;
				CLANG_WARN_OBJC_LITERAL_CONVERSION = YES;
				CLANG_WARN_RANGE_LOOP_ANALYSIS = YES;
				CLANG_WARN_STRICT_PROTOTYPES = YES;
				CLANG_WARN_SUSPICIOUS_MOVE = YES;
				CLANG_WARN_UNREACHABLE_CODE = YES;
				CLANG_WARN__DUPLICATE_METHOD_MATCH = YES;
				CODE_SIGN_IDENTITY = "";
				DEBUG_INFORMATION_FORMAT = dwarf;
				ENABLE_STRICT_OBJC_MSGSEND = YES;
				ENABLE_TESTABILITY = NO;
				GCC_C_LANGUAGE_STANDARD = c11;
				GCC_INLINES_ARE_PRIVATE_EXTERN = YES;
				GCC_MODEL_TUNING = G5;
				GCC_NO_COMMON_BLOCKS = YES;
				GCC_SYMBOLS_PRIVATE_EXTERN = YES;
				GCC_WARN_64_TO_32_BIT_CONVERSION = YES;
				GCC_WARN_ABOUT_RETURN_TYPE = YES;
				GCC_WARN_CHECK_SWITCH_STATEMENTS = YES;
				GCC_WARN_MISSING_PARENTHESES = YES;
				GCC_WARN_NON_VIRTUAL_DESTRUCTOR = YES;
				GCC_WARN_TYPECHECK_CALLS_TO_PRINTF = YES;
				GCC_WARN_UNDECLARED_SELECTOR = YES;
				GCC_WARN_UNINITIALIZED_AUTOS = YES;
				GCC_WARN_UNUSED_FUNCTION = YES;
				GCC_WARN_UNUSED_VARIABLE = YES;
				PRODUCT_NAME = "GUI Synth";
				SDKROOT = macosx;
				WARNING_CFLAGS = "-Wreorder";
				ZERO_LINK = NO;
			};
			name = Release;
		};
		3C7B868DB574D0A5B769BC4D = {
			isa = XCConfigurationList;
			buildConfigurations = (
				B13549F446F1BAEDFBAADF2B,
				54A94F63C4F37C93EF1373A8,
			);
			defaultConfigurationIsVisible = 0;
			defaultConfigurationName = Debug;
		};
		72AE9177D263F2AAE458AEAF = {
			isa = XCConfigurationList;
			buildConfigurations = (
				4439AA8BB195F05FDF63D5D8,
				0B46E97D0150FE7A67750D6A,
			);
			defaultConfigurationIsVisible = 0;
			defaultConfigurationName = Debug;
		};
		42BBAA6639CB36A52892E90C = {
			isa = PBXResourcesBuildPhase;
			buildActionMask = 2147483647;
			files = (
				AD352031F9A9B1AB19EC14FC,
			);
			runOnlyForDeploymentPostprocessing = 0;
		};
		167A5D4DCC762E10E03623D5 = {
			isa = PBXSourcesBuildPhase;
			buildActionMask = 2147483647;
			files = (
				9D1C303960B220CD167FEF22,
				1AC513946E0FC1D88B9331B3,
				A2992CA3DEF769FB53D458E7,
				0CDB004212D08A28542624E8,
				01EC748AA03C1FF98C94BDB9,
				252F7EB5B1CCB424B93E17A8,
				70502C860A14163EEBFD3131,
				2A77907DCD1CBC5A2CA76D49,
				F1CAE85B559A1A887F0EE6AF,
				8436D88EDA048D60A7DB4BDF,
				CFB13E8D1E8B64104F9A803D,
				FEC9C52D2BB5F0B7FED017C9,
				1DCE3FBB50AFBA0D64803C64,
				DEADB3505C46A16329E281BA,
			);
			runOnlyForDeploymentPostprocessing = 0;
		};
		7EB0A5CF3206768C5857FDF5 = {
			isa = PBXFrameworksBuildPhase;
			buildActionMask = 2147483647;
			files = (
				7CFD96CD2E30063BFD914EBB,
				2B62A72BF9F2541105C2DCC4,
				6F4FD1BC3DB3C09892C67999,
				A86306F8D3807E1A7E1125D9,
				51C7D639EE9A56A570D3EA6A,
				6C4098F9835894740B5895C4,
				0C30DC52E0D6B6B5B69A1591,
				130E0A6ABC8C78E0F1A57E70,
				9A40ED9DF62D0AADB6EB6220,
				E981841D8581999ADC5ADEA3,
				D5FC5A190709F205AD9FA863,
				F551BC1EAEF4CFE66E26F8FE,
			);
			runOnlyForDeploymentPostprocessing = 0;
		};
		EBC863142DE2557239703A62 = {
			isa = PBXNativeTarget;
			buildConfigurationList = 72AE9177D263F2AAE458AEAF;
			buildPhases = (
				42BBAA6639CB36A52892E90C,
				167A5D4DCC762E10E03623D5,
				7EB0A5CF3206768C5857FDF5,
			);
			buildRules = ( );
			dependencies = ( );
			name = "GUI Synth - App";
			productName = "GUI Synth";
			productReference = 0E08EC58444E9E4839CD4DF2;
			productType = "com.apple.product-type.application";
		};
		BF288E441D57EC9C21FF98E4 = {
			isa = PBXProject;
			buildConfigurationList = 3C7B868DB574D0A5B769BC4D;
			attributes = { LastUpgradeCheck = 1230; ORGANIZATIONNAME = ""; TargetAttributes = { EBC863142DE2557239703A62 = { SystemCapabilities = {com.apple.ApplicationGroups.iOS = { enabled = 0; }; com.apple.InAppPurchase = { enabled = 0; }; com.apple.InterAppAudio = { enabled = 0; }; com.apple.Push = { enabled = 0; }; com.apple.Sandbox = { enabled = 0; }; com.apple.HardenedRuntime = { enabled = 0; }; }; }; }; };
			compatibilityVersion = "Xcode 3.2";
			hasScannedForEncodings = 0;
			mainGroup = 17B0AAC67F9349CA6EDE96DE;
			projectDirPath = "";
			projectRoot = "";
			targets = (EBC863142DE2557239703A62);
			knownRegions = (en, Base);
		};
	};
	rootObject = BF288E441D57EC9C21FF98E4;
}
